{
  "name": "loran_js",
  "version": "1.0.0",
  "lockfileVersion": 2,
  "requires": true,
  "packages": {
    "": {
      "name": "loran_js",
      "version": "1.0.0",
      "license": "ISC",
      "dependencies": {
        "geographiclib-dms": "^2.0.0",
        "geographiclib-geodesic": "^2.0.0"
      }
    },
    "node_modules/geographiclib-dms": {
      "version": "2.0.0",
      "resolved": "https://registry.npmjs.org/geographiclib-dms/-/geographiclib-dms-2.0.0.tgz",
      "integrity": "sha512-DQ4j4/gSYle7IFjGeGP9KWy/KiBuY8qleJLHVrOE/z7fdoxDVmdYY/opJMOAFGWFRKUbQ5+g1Uws1FFY4aMxhQ=="
    },
    "node_modules/geographiclib-geodesic": {
      "version": "2.0.0",
      "resolved": "https://registry.npmjs.org/geographiclib-geodesic/-/geographiclib-geodesic-2.0.0.tgz",
      "integrity": "sha512-qRE11UEF3Zn9VwDFf+Q1ZNn4VW2xwZWeAPiFRrKVSKn2K5lds1jOxhxgFJwbKh5YV58ME6+LGiRtm4A0CjFyiQ=="
    }
  },
  "dependencies": {
    "geographiclib-dms": {
      "version": "2.0.0",
      "resolved": "https://registry.npmjs.org/geographiclib-dms/-/geographiclib-dms-2.0.0.tgz",
      "integrity": "sha512-DQ4j4/gSYle7IFjGeGP9KWy/KiBuY8qleJLHVrOE/z7fdoxDVmdYY/opJMOAFGWFRKUbQ5+g1Uws1FFY4aMxhQ=="
    },
    "geographiclib-geodesic": {
      "version": "2.0.0",
      "resolved": "https://registry.npmjs.org/geographiclib-geodesic/-/geographiclib-geodesic-2.0.0.tgz",
      "integrity": "sha512-qRE11UEF3Zn9VwDFf+Q1ZNn4VW2xwZWeAPiFRrKVSKn2K5lds1jOxhxgFJwbKh5YV58ME6+LGiRtm4A0CjFyiQ=="
    }
  }
}
